
Microsoft Visual Studio Solution File, Format Version 12.00
# Visual Studio 15
VisualStudioVersion = 15.0.26228.4
MinimumVisualStudioVersion = 10.0.40219.1
Project("{2150E333-8FDC-42A3-9474-1A3956D46DE8}") = "Framework", "Framework", "{1C882A20-F530-4C9C-A00B-0639D513DF7D}"
EndProject
Project("{2150E333-8FDC-42A3-9474-1A3956D46DE8}") = "Solution Items", "Solution Items", "{728788CC-69D4-4DED-83C9-EF146A0B6B3A}"
	ProjectSection(SolutionItems) = preProject
		global.json = global.json
	EndProjectSection
EndProject
Project("{2150E333-8FDC-42A3-9474-1A3956D46DE8}") = "Ioc", "Ioc", "{BBB415CD-2CD7-445D-9EA7-A939848D7F34}"
EndProject
Project("{2150E333-8FDC-42A3-9474-1A3956D46DE8}") = "Repositories", "Repositories", "{62B1C0A1-2122-4B5E-B7B8-DE5E5802BFBC}"
EndProject
Project("{2150E333-8FDC-42A3-9474-1A3956D46DE8}") = "QimErp", "QimErp", "{CCB14E9B-3950-465D-ABA0-2DB41055B5AF}"
EndProject
Project("{2150E333-8FDC-42A3-9474-1A3956D46DE8}") = "Test", "Test", "{B7A1B465-8FBF-41D6-AE08-A399FBE702D0}"
EndProject
Project("{9A19103F-16F7-4668-BE54-9A1E7A4F7556}") = "Qim.Infrastructure", "src\Framework\Qim.Infrastructure\Qim.Infrastructure.csproj", "{49AB491B-6733-4A4A-AEE4-68D702CF861B}"
EndProject
Project("{9A19103F-16F7-4668-BE54-9A1E7A4F7556}") = "Qim.Framework", "src\Framework\Qim.Framework\Qim.Framework.csproj", "{BF4D09EF-04C0-428E-9E63-780B6D24BDBC}"
EndProject
Project("{9A19103F-16F7-4668-BE54-9A1E7A4F7556}") = "Qim.AutoMapper", "src\Framework\Qim.AutoMapper\Qim.AutoMapper.csproj", "{B49DC0C1-6823-4565-8BEA-06FA23C07EB1}"
EndProject
Project("{9A19103F-16F7-4668-BE54-9A1E7A4F7556}") = "Qim.AspNetCore", "src\Framework\Qim.AspNetCore\Qim.AspNetCore.csproj", "{8C6DBDF7-2686-408B-9D1D-C8C09969418D}"
EndProject
Project("{9A19103F-16F7-4668-BE54-9A1E7A4F7556}") = "Qim.EntitiFrameworkCore", "src\Framework\Qim.EntitiFrameworkCore\Qim.EntitiFrameworkCore.csproj", "{BEF6B3B7-C7FA-43DA-848B-99EB5DCC0C91}"
EndProject
Project("{9A19103F-16F7-4668-BE54-9A1E7A4F7556}") = "Qim.Ioc.Autofac", "src\Framework\Qim.Ioc.Autofac\Qim.Ioc.Autofac.csproj", "{C6A388FE-52E0-43ED-B78E-B029E1D74775}"
EndProject
Project("{9A19103F-16F7-4668-BE54-9A1E7A4F7556}") = "Qim.Ioc.DryIoc", "src\Framework\Qim.Ioc.DryIoc\Qim.Ioc.DryIoc.csproj", "{AD5620FC-40CF-4562-BC1F-8C5A8B68D805}"
EndProject
Project("{9A19103F-16F7-4668-BE54-9A1E7A4F7556}") = "Qim.Infrastructure.Tests", "test\Qim.Infrastructure.Tests\Qim.Infrastructure.Tests.csproj", "{D136D7B6-22E6-45DE-871F-562B22445F11}"
EndProject
Project("{9A19103F-16F7-4668-BE54-9A1E7A4F7556}") = "Qim.Ioc.Tests", "test\Qim.Ioc.Tests\Qim.Ioc.Tests.csproj", "{FFB3865F-21ED-491B-98F8-5E5D7952C58A}"
EndProject
Project("{9A19103F-16F7-4668-BE54-9A1E7A4F7556}") = "Qim.Logging.NLog", "src\Framework\Qim.Logging.NLog\Qim.Logging.NLog.csproj", "{D3B5F63A-B765-418F-B4D9-682E5867C17E}"
EndProject
Project("{9A19103F-16F7-4668-BE54-9A1E7A4F7556}") = "Qim.Framework.Tests", "test\Qim.Framework.Tests\Qim.Framework.Tests.csproj", "{83376386-629D-42C9-B727-3BFC513F6746}"
EndProject
Project("{9A19103F-16F7-4668-BE54-9A1E7A4F7556}") = "Qim.EntitiFrameworkCore.Tests", "test\Qim.EntitiFrameworkCore.Tests\Qim.EntitiFrameworkCore.Tests.csproj", "{3C7D80D9-28B9-4B5E-9A4F-7573CE2D3C4D}"
EndProject
Project("{9A19103F-16F7-4668-BE54-9A1E7A4F7556}") = "QimErp.Infrastructure", "src\QimErp.Infrastructure\QimErp.Infrastructure.csproj", "{CF94AB55-4646-4FB2-9E9A-5DCE8606ABE1}"
EndProject
Project("{9A19103F-16F7-4668-BE54-9A1E7A4F7556}") = "QimErp.Domain", "src\QimErp.Domain\QimErp.Domain.csproj", "{C8386CB7-C354-4757-B821-22391F4E2D42}"
EndProject
Project("{9A19103F-16F7-4668-BE54-9A1E7A4F7556}") = "QimErp.Repositories", "src\QimErp.Repositories\QimErp.Repositories.csproj", "{D491053E-47DB-4BD5-8889-5DB74258F3B5}"
EndProject
Project("{9A19103F-16F7-4668-BE54-9A1E7A4F7556}") = "QimErp.ServiceContracts", "src\QimErp.ServiceContracts\QimErp.ServiceContracts.csproj", "{3B648B2E-7CBA-4942-9585-98009417148C}"
EndProject
Project("{9A19103F-16F7-4668-BE54-9A1E7A4F7556}") = "QimErp.Application", "src\QimErp.Application\QimErp.Application.csproj", "{C019AB6F-F3E8-4902-B7F5-7F6C374C983F}"
EndProject
Project("{9A19103F-16F7-4668-BE54-9A1E7A4F7556}") = "QimErp.Web", "src\QimErp.Web\QimErp.Web.csproj", "{0EC26336-3DA1-480B-A0B6-97323A25984D}"
EndProject
Global
	GlobalSection(SolutionConfigurationPlatforms) = preSolution
		Debug|Any CPU = Debug|Any CPU
		Release|Any CPU = Release|Any CPU
	EndGlobalSection
	GlobalSection(ProjectConfigurationPlatforms) = postSolution
		{49AB491B-6733-4A4A-AEE4-68D702CF861B}.Debug|Any CPU.ActiveCfg = Debug|Any CPU
		{49AB491B-6733-4A4A-AEE4-68D702CF861B}.Debug|Any CPU.Build.0 = Debug|Any CPU
		{49AB491B-6733-4A4A-AEE4-68D702CF861B}.Release|Any CPU.ActiveCfg = Release|Any CPU
		{49AB491B-6733-4A4A-AEE4-68D702CF861B}.Release|Any CPU.Build.0 = Release|Any CPU
		{BF4D09EF-04C0-428E-9E63-780B6D24BDBC}.Debug|Any CPU.ActiveCfg = Debug|Any CPU
		{BF4D09EF-04C0-428E-9E63-780B6D24BDBC}.Debug|Any CPU.Build.0 = Debug|Any CPU
		{BF4D09EF-04C0-428E-9E63-780B6D24BDBC}.Release|Any CPU.ActiveCfg = Release|Any CPU
		{BF4D09EF-04C0-428E-9E63-780B6D24BDBC}.Release|Any CPU.Build.0 = Release|Any CPU
		{B49DC0C1-6823-4565-8BEA-06FA23C07EB1}.Debug|Any CPU.ActiveCfg = Debug|Any CPU
		{B49DC0C1-6823-4565-8BEA-06FA23C07EB1}.Debug|Any CPU.Build.0 = Debug|Any CPU
		{B49DC0C1-6823-4565-8BEA-06FA23C07EB1}.Release|Any CPU.ActiveCfg = Release|Any CPU
		{B49DC0C1-6823-4565-8BEA-06FA23C07EB1}.Release|Any CPU.Build.0 = Release|Any CPU
		{8C6DBDF7-2686-408B-9D1D-C8C09969418D}.Debug|Any CPU.ActiveCfg = Debug|Any CPU
		{8C6DBDF7-2686-408B-9D1D-C8C09969418D}.Debug|Any CPU.Build.0 = Debug|Any CPU
		{8C6DBDF7-2686-408B-9D1D-C8C09969418D}.Release|Any CPU.ActiveCfg = Release|Any CPU
		{8C6DBDF7-2686-408B-9D1D-C8C09969418D}.Release|Any CPU.Build.0 = Release|Any CPU
		{BEF6B3B7-C7FA-43DA-848B-99EB5DCC0C91}.Debug|Any CPU.ActiveCfg = Debug|Any CPU
		{BEF6B3B7-C7FA-43DA-848B-99EB5DCC0C91}.Debug|Any CPU.Build.0 = Debug|Any CPU
		{BEF6B3B7-C7FA-43DA-848B-99EB5DCC0C91}.Release|Any CPU.ActiveCfg = Release|Any CPU
		{BEF6B3B7-C7FA-43DA-848B-99EB5DCC0C91}.Release|Any CPU.Build.0 = Release|Any CPU
		{C6A388FE-52E0-43ED-B78E-B029E1D74775}.Debug|Any CPU.ActiveCfg = Debug|Any CPU
		{C6A388FE-52E0-43ED-B78E-B029E1D74775}.Debug|Any CPU.Build.0 = Debug|Any CPU
		{C6A388FE-52E0-43ED-B78E-B029E1D74775}.Release|Any CPU.ActiveCfg = Release|Any CPU
		{C6A388FE-52E0-43ED-B78E-B029E1D74775}.Release|Any CPU.Build.0 = Release|Any CPU
		{AD5620FC-40CF-4562-BC1F-8C5A8B68D805}.Debug|Any CPU.ActiveCfg = Debug|Any CPU
		{AD5620FC-40CF-4562-BC1F-8C5A8B68D805}.Debug|Any CPU.Build.0 = Debug|Any CPU
		{AD5620FC-40CF-4562-BC1F-8C5A8B68D805}.Release|Any CPU.ActiveCfg = Release|Any CPU
		{AD5620FC-40CF-4562-BC1F-8C5A8B68D805}.Release|Any CPU.Build.0 = Release|Any CPU
		{D136D7B6-22E6-45DE-871F-562B22445F11}.Debug|Any CPU.ActiveCfg = Debug|Any CPU
		{D136D7B6-22E6-45DE-871F-562B22445F11}.Debug|Any CPU.Build.0 = Debug|Any CPU
		{D136D7B6-22E6-45DE-871F-562B22445F11}.Release|Any CPU.ActiveCfg = Release|Any CPU
		{D136D7B6-22E6-45DE-871F-562B22445F11}.Release|Any CPU.Build.0 = Release|Any CPU
		{FFB3865F-21ED-491B-98F8-5E5D7952C58A}.Debug|Any CPU.ActiveCfg = Debug|Any CPU
		{FFB3865F-21ED-491B-98F8-5E5D7952C58A}.Debug|Any CPU.Build.0 = Debug|Any CPU
		{FFB3865F-21ED-491B-98F8-5E5D7952C58A}.Release|Any CPU.ActiveCfg = Release|Any CPU
		{FFB3865F-21ED-491B-98F8-5E5D7952C58A}.Release|Any CPU.Build.0 = Release|Any CPU
		{D3B5F63A-B765-418F-B4D9-682E5867C17E}.Debug|Any CPU.ActiveCfg = Debug|Any CPU
		{D3B5F63A-B765-418F-B4D9-682E5867C17E}.Debug|Any CPU.Build.0 = Debug|Any CPU
		{D3B5F63A-B765-418F-B4D9-682E5867C17E}.Release|Any CPU.ActiveCfg = Release|Any CPU
		{D3B5F63A-B765-418F-B4D9-682E5867C17E}.Release|Any CPU.Build.0 = Release|Any CPU
		{83376386-629D-42C9-B727-3BFC513F6746}.Debug|Any CPU.ActiveCfg = Debug|Any CPU
		{83376386-629D-42C9-B727-3BFC513F6746}.Debug|Any CPU.Build.0 = Debug|Any CPU
		{83376386-629D-42C9-B727-3BFC513F6746}.Release|Any CPU.ActiveCfg = Release|Any CPU
		{83376386-629D-42C9-B727-3BFC513F6746}.Release|Any CPU.Build.0 = Release|Any CPU
		{3C7D80D9-28B9-4B5E-9A4F-7573CE2D3C4D}.Debug|Any CPU.ActiveCfg = Debug|Any CPU
		{3C7D80D9-28B9-4B5E-9A4F-7573CE2D3C4D}.Debug|Any CPU.Build.0 = Debug|Any CPU
		{3C7D80D9-28B9-4B5E-9A4F-7573CE2D3C4D}.Release|Any CPU.ActiveCfg = Release|Any CPU
		{3C7D80D9-28B9-4B5E-9A4F-7573CE2D3C4D}.Release|Any CPU.Build.0 = Release|Any CPU
		{CF94AB55-4646-4FB2-9E9A-5DCE8606ABE1}.Debug|Any CPU.ActiveCfg = Debug|Any CPU
		{CF94AB55-4646-4FB2-9E9A-5DCE8606ABE1}.Debug|Any CPU.Build.0 = Debug|Any CPU
		{CF94AB55-4646-4FB2-9E9A-5DCE8606ABE1}.Release|Any CPU.ActiveCfg = Release|Any CPU
		{CF94AB55-4646-4FB2-9E9A-5DCE8606ABE1}.Release|Any CPU.Build.0 = Release|Any CPU
		{C8386CB7-C354-4757-B821-22391F4E2D42}.Debug|Any CPU.ActiveCfg = Debug|Any CPU
		{C8386CB7-C354-4757-B821-22391F4E2D42}.Debug|Any CPU.Build.0 = Debug|Any CPU
		{C8386CB7-C354-4757-B821-22391F4E2D42}.Release|Any CPU.ActiveCfg = Release|Any CPU
		{C8386CB7-C354-4757-B821-22391F4E2D42}.Release|Any CPU.Build.0 = Release|Any CPU
		{D491053E-47DB-4BD5-8889-5DB74258F3B5}.Debug|Any CPU.ActiveCfg = Debug|Any CPU
		{D491053E-47DB-4BD5-8889-5DB74258F3B5}.Debug|Any CPU.Build.0 = Debug|Any CPU
		{D491053E-47DB-4BD5-8889-5DB74258F3B5}.Release|Any CPU.ActiveCfg = Release|Any CPU
		{D491053E-47DB-4BD5-8889-5DB74258F3B5}.Release|Any CPU.Build.0 = Release|Any CPU
		{3B648B2E-7CBA-4942-9585-98009417148C}.Debug|Any CPU.ActiveCfg = Debug|Any CPU
		{3B648B2E-7CBA-4942-9585-98009417148C}.Debug|Any CPU.Build.0 = Debug|Any CPU
		{3B648B2E-7CBA-4942-9585-98009417148C}.Release|Any CPU.ActiveCfg = Release|Any CPU
		{3B648B2E-7CBA-4942-9585-98009417148C}.Release|Any CPU.Build.0 = Release|Any CPU
		{C019AB6F-F3E8-4902-B7F5-7F6C374C983F}.Debug|Any CPU.ActiveCfg = Debug|Any CPU
		{C019AB6F-F3E8-4902-B7F5-7F6C374C983F}.Debug|Any CPU.Build.0 = Debug|Any CPU
		{C019AB6F-F3E8-4902-B7F5-7F6C374C983F}.Release|Any CPU.ActiveCfg = Release|Any CPU
		{C019AB6F-F3E8-4902-B7F5-7F6C374C983F}.Release|Any CPU.Build.0 = Release|Any CPU
		{0EC26336-3DA1-480B-A0B6-97323A25984D}.Debug|Any CPU.ActiveCfg = Debug|Any CPU
		{0EC26336-3DA1-480B-A0B6-97323A25984D}.Debug|Any CPU.Build.0 = Debug|Any CPU
		{0EC26336-3DA1-480B-A0B6-97323A25984D}.Release|Any CPU.ActiveCfg = Release|Any CPU
		{0EC26336-3DA1-480B-A0B6-97323A25984D}.Release|Any CPU.Build.0 = Release|Any CPU
	EndGlobalSection
	GlobalSection(SolutionProperties) = preSolution
		HideSolutionNode = FALSE
	EndGlobalSection
	GlobalSection(NestedProjects) = preSolution
		{BBB415CD-2CD7-445D-9EA7-A939848D7F34} = {1C882A20-F530-4C9C-A00B-0639D513DF7D}
		{62B1C0A1-2122-4B5E-B7B8-DE5E5802BFBC} = {1C882A20-F530-4C9C-A00B-0639D513DF7D}
		{49AB491B-6733-4A4A-AEE4-68D702CF861B} = {1C882A20-F530-4C9C-A00B-0639D513DF7D}
		{BF4D09EF-04C0-428E-9E63-780B6D24BDBC} = {1C882A20-F530-4C9C-A00B-0639D513DF7D}
		{B49DC0C1-6823-4565-8BEA-06FA23C07EB1} = {1C882A20-F530-4C9C-A00B-0639D513DF7D}
		{8C6DBDF7-2686-408B-9D1D-C8C09969418D} = {1C882A20-F530-4C9C-A00B-0639D513DF7D}
		{BEF6B3B7-C7FA-43DA-848B-99EB5DCC0C91} = {62B1C0A1-2122-4B5E-B7B8-DE5E5802BFBC}
		{C6A388FE-52E0-43ED-B78E-B029E1D74775} = {BBB415CD-2CD7-445D-9EA7-A939848D7F34}
		{AD5620FC-40CF-4562-BC1F-8C5A8B68D805} = {BBB415CD-2CD7-445D-9EA7-A939848D7F34}
		{D136D7B6-22E6-45DE-871F-562B22445F11} = {B7A1B465-8FBF-41D6-AE08-A399FBE702D0}
		{FFB3865F-21ED-491B-98F8-5E5D7952C58A} = {B7A1B465-8FBF-41D6-AE08-A399FBE702D0}
		{D3B5F63A-B765-418F-B4D9-682E5867C17E} = {1C882A20-F530-4C9C-A00B-0639D513DF7D}
		{83376386-629D-42C9-B727-3BFC513F6746} = {B7A1B465-8FBF-41D6-AE08-A399FBE702D0}
		{3C7D80D9-28B9-4B5E-9A4F-7573CE2D3C4D} = {B7A1B465-8FBF-41D6-AE08-A399FBE702D0}
		{CF94AB55-4646-4FB2-9E9A-5DCE8606ABE1} = {CCB14E9B-3950-465D-ABA0-2DB41055B5AF}
		{C8386CB7-C354-4757-B821-22391F4E2D42} = {CCB14E9B-3950-465D-ABA0-2DB41055B5AF}
		{D491053E-47DB-4BD5-8889-5DB74258F3B5} = {CCB14E9B-3950-465D-ABA0-2DB41055B5AF}
		{3B648B2E-7CBA-4942-9585-98009417148C} = {CCB14E9B-3950-465D-ABA0-2DB41055B5AF}
		{C019AB6F-F3E8-4902-B7F5-7F6C374C983F} = {CCB14E9B-3950-465D-ABA0-2DB41055B5AF}
		{0EC26336-3DA1-480B-A0B6-97323A25984D} = {CCB14E9B-3950-465D-ABA0-2DB41055B5AF}
	EndGlobalSection
	GlobalSection(ExtensibilityGlobals) = postSolution
		VisualSVNWorkingCopyRoot = .
	EndGlobalSection
EndGlobal
